
Microsoft Visual Studio Solution File, Format Version 12.00
# Visual Studio 15
VisualStudioVersion = 15.0.27703.2042
MinimumVisualStudioVersion = 10.0.40219.1
Project("{FAE04EC0-301F-11D3-BF4B-00C04F79EFBC}") = "egeszszamok", "egeszszamok\egeszszamok.csproj", "{59CAEC65-C17F-4A43-BDD5-75B1949A5457}"
EndProject
Global
	GlobalSection(SolutionConfigurationPlatforms) = preSolution
		Debug|Any CPU = Debug|Any CPU
		Release|Any CPU = Release|Any CPU
	EndGlobalSection
	GlobalSection(ProjectConfigurationPlatforms) = postSolution
		{59CAEC65-C17F-4A43-BDD5-75B1949A5457}.Debug|Any CPU.ActiveCfg = Debug|Any CPU
		{59CAEC65-C17F-4A43-BDD5-75B1949A5457}.Debug|Any CPU.Build.0 = Debug|Any CPU
		{59CAEC65-C17F-4A43-BDD5-75B1949A5457}.Release|Any CPU.ActiveCfg = Release|Any CPU
		{59CAEC65-C17F-4A43-BDD5-75B1949A5457}.Release|Any CPU.Build.0 = Release|Any CPU
	EndGlobalSection
	GlobalSection(SolutionProperties) = preSolution
		HideSolutionNode = FALSE
	EndGlobalSection
	GlobalSection(ExtensibilityGlobals) = postSolution
		SolutionGuid = {8BED4981-4FFE-4EAE-8747-490D35084952}
	EndGlobalSection
EndGlobal
